
Microsoft Visual Studio Solution File, Format Version 12.00
# Visual Studio Version 17
VisualStudioVersion = 17.7.34031.279
MinimumVisualStudioVersion = 10.0.40219.1
Project("{F184B08F-C81C-45F6-A57F-5ABD9991F28F}") = "Midterm-Program", "Midterm-Program\Midterm-Program.vbproj", "{D5C3FE53-2751-4113-91D8-1666884DAA56}"
EndProject
Global
	GlobalSection(SolutionConfigurationPlatforms) = preSolution
		Debug|Any CPU = Debug|Any CPU
		Release|Any CPU = Release|Any CPU
	EndGlobalSection
	GlobalSection(ProjectConfigurationPlatforms) = postSolution
		{D5C3FE53-2751-4113-91D8-1666884DAA56}.Debug|Any CPU.ActiveCfg = Debug|Any CPU
		{D5C3FE53-2751-4113-91D8-1666884DAA56}.Debug|Any CPU.Build.0 = Debug|Any CPU
		{D5C3FE53-2751-4113-91D8-1666884DAA56}.Release|Any CPU.ActiveCfg = Release|Any CPU
		{D5C3FE53-2751-4113-91D8-1666884DAA56}.Release|Any CPU.Build.0 = Release|Any CPU
	EndGlobalSection
	GlobalSection(SolutionProperties) = preSolution
		HideSolutionNode = FALSE
	EndGlobalSection
	GlobalSection(ExtensibilityGlobals) = postSolution
		SolutionGuid = {5A959372-0C10-413E-844A-2D9521522D62}
	EndGlobalSection
EndGlobal
